
Microsoft Visual Studio Solution File, Format Version 12.00
# Visual Studio Version 17
VisualStudioVersion = 17.12.35728.132
MinimumVisualStudioVersion = 10.0.40219.1
Project("{FAE04EC0-301F-11D3-BF4B-00C04F79EFBC}") = "MudBlazorWebApp1", "MudBlazorWebApp1\MudBlazorWebApp1.csproj", "{D3A95785-55AB-4E6D-8D1C-B781B10B2622}"
EndProject
Global
	GlobalSection(SolutionConfigurationPlatforms) = preSolution
		Debug|Any CPU = Debug|Any CPU
		Release|Any CPU = Release|Any CPU
	EndGlobalSection
	GlobalSection(ProjectConfigurationPlatforms) = postSolution
		{D3A95785-55AB-4E6D-8D1C-B781B10B2622}.Debug|Any CPU.ActiveCfg = Debug|Any CPU
		{D3A95785-55AB-4E6D-8D1C-B781B10B2622}.Debug|Any CPU.Build.0 = Debug|Any CPU
		{D3A95785-55AB-4E6D-8D1C-B781B10B2622}.Release|Any CPU.ActiveCfg = Release|Any CPU
		{D3A95785-55AB-4E6D-8D1C-B781B10B2622}.Release|Any CPU.Build.0 = Release|Any CPU
	EndGlobalSection
	GlobalSection(SolutionProperties) = preSolution
		HideSolutionNode = FALSE
	EndGlobalSection
	GlobalSection(ExtensibilityGlobals) = postSolution
		SolutionGuid = {A4BB4A51-77E8-4B4F-B6EA-EFDB8F172DE3}
	EndGlobalSection
EndGlobal
